
Microsoft Visual Studio Solution File, Format Version 12.00
# Visual Studio Version 17
VisualStudioVersion = 17.4.33213.308
MinimumVisualStudioVersion = 10.0.40219.1
Project("{9A19103F-16F7-4668-BE54-9A1E7A4F7556}") = "LMS.CommandLine", "LearningManagementSystem\LMS.CommandLine.csproj", "{A91BB0FD-70CF-4CEC-89DF-681D05243F7E}"
EndProject
Project("{9A19103F-16F7-4668-BE54-9A1E7A4F7556}") = "LMS.Library", "LMS.Library\LMS.Library.csproj", "{ECD33876-C773-49C2-89F0-296C55012B79}"
EndProject
Project("{FAE04EC0-301F-11D3-BF4B-00C04F79EFBC}") = "LMS.Maui", "LMS.Maui\LMS.Maui.csproj", "{99322A42-3F7E-4E81-85A5-582540CC8889}"
EndProject
Global
	GlobalSection(SolutionConfigurationPlatforms) = preSolution
		Debug|Any CPU = Debug|Any CPU
		Release|Any CPU = Release|Any CPU
	EndGlobalSection
	GlobalSection(ProjectConfigurationPlatforms) = postSolution
		{A91BB0FD-70CF-4CEC-89DF-681D05243F7E}.Debug|Any CPU.ActiveCfg = Debug|Any CPU
		{A91BB0FD-70CF-4CEC-89DF-681D05243F7E}.Debug|Any CPU.Build.0 = Debug|Any CPU
		{A91BB0FD-70CF-4CEC-89DF-681D05243F7E}.Release|Any CPU.ActiveCfg = Release|Any CPU
		{A91BB0FD-70CF-4CEC-89DF-681D05243F7E}.Release|Any CPU.Build.0 = Release|Any CPU
		{ECD33876-C773-49C2-89F0-296C55012B79}.Debug|Any CPU.ActiveCfg = Debug|Any CPU
		{ECD33876-C773-49C2-89F0-296C55012B79}.Debug|Any CPU.Build.0 = Debug|Any CPU
		{ECD33876-C773-49C2-89F0-296C55012B79}.Release|Any CPU.ActiveCfg = Release|Any CPU
		{ECD33876-C773-49C2-89F0-296C55012B79}.Release|Any CPU.Build.0 = Release|Any CPU
		{99322A42-3F7E-4E81-85A5-582540CC8889}.Debug|Any CPU.ActiveCfg = Debug|Any CPU
		{99322A42-3F7E-4E81-85A5-582540CC8889}.Debug|Any CPU.Build.0 = Debug|Any CPU
		{99322A42-3F7E-4E81-85A5-582540CC8889}.Debug|Any CPU.Deploy.0 = Debug|Any CPU
		{99322A42-3F7E-4E81-85A5-582540CC8889}.Release|Any CPU.ActiveCfg = Release|Any CPU
		{99322A42-3F7E-4E81-85A5-582540CC8889}.Release|Any CPU.Build.0 = Release|Any CPU
		{99322A42-3F7E-4E81-85A5-582540CC8889}.Release|Any CPU.Deploy.0 = Release|Any CPU
	EndGlobalSection
	GlobalSection(SolutionProperties) = preSolution
		HideSolutionNode = FALSE
	EndGlobalSection
	GlobalSection(ExtensibilityGlobals) = postSolution
		SolutionGuid = {72917DCF-1ED1-471D-B761-D95986B39DA4}
	EndGlobalSection
EndGlobal
